
Microsoft Visual Studio Solution File, Format Version 12.00
# Visual Studio 15
VisualStudioVersion = 15.0.26403.3
MinimumVisualStudioVersion = 10.0.40219.1
Project("{FAE04EC0-301F-11D3-BF4B-00C04F79EFBC}") = "SportsStore", "SportsStore\SportsStore.csproj", "{35FCEE18-0E47-4103-AAF7-3AD00E5A5E9D}"
EndProject
Project("{FAE04EC0-301F-11D3-BF4B-00C04F79EFBC}") = "SportsStore.Models", "SportsStore.Models\SportsStore.Models.csproj", "{9CC39D71-13B4-44F7-8646-3B6E46E34954}"
EndProject
Project("{FAE04EC0-301F-11D3-BF4B-00C04F79EFBC}") = "SportsStore.Domain", "SportsStore.Domain\SportsStore.Domain.csproj", "{1A45F1BB-11E4-46F9-BE41-BC2B83F36E34}"
EndProject
Global
	GlobalSection(SolutionConfigurationPlatforms) = preSolution
		Debug|Any CPU = Debug|Any CPU
		Release|Any CPU = Release|Any CPU
	EndGlobalSection
	GlobalSection(ProjectConfigurationPlatforms) = postSolution
		{35FCEE18-0E47-4103-AAF7-3AD00E5A5E9D}.Debug|Any CPU.ActiveCfg = Debug|Any CPU
		{35FCEE18-0E47-4103-AAF7-3AD00E5A5E9D}.Debug|Any CPU.Build.0 = Debug|Any CPU
		{35FCEE18-0E47-4103-AAF7-3AD00E5A5E9D}.Release|Any CPU.ActiveCfg = Release|Any CPU
		{35FCEE18-0E47-4103-AAF7-3AD00E5A5E9D}.Release|Any CPU.Build.0 = Release|Any CPU
		{9CC39D71-13B4-44F7-8646-3B6E46E34954}.Debug|Any CPU.ActiveCfg = Debug|Any CPU
		{9CC39D71-13B4-44F7-8646-3B6E46E34954}.Debug|Any CPU.Build.0 = Debug|Any CPU
		{9CC39D71-13B4-44F7-8646-3B6E46E34954}.Release|Any CPU.ActiveCfg = Release|Any CPU
		{9CC39D71-13B4-44F7-8646-3B6E46E34954}.Release|Any CPU.Build.0 = Release|Any CPU
		{1A45F1BB-11E4-46F9-BE41-BC2B83F36E34}.Debug|Any CPU.ActiveCfg = Debug|Any CPU
		{1A45F1BB-11E4-46F9-BE41-BC2B83F36E34}.Debug|Any CPU.Build.0 = Debug|Any CPU
		{1A45F1BB-11E4-46F9-BE41-BC2B83F36E34}.Release|Any CPU.ActiveCfg = Release|Any CPU
		{1A45F1BB-11E4-46F9-BE41-BC2B83F36E34}.Release|Any CPU.Build.0 = Release|Any CPU
	EndGlobalSection
	GlobalSection(SolutionProperties) = preSolution
		HideSolutionNode = FALSE
	EndGlobalSection
EndGlobal
